
Microsoft Visual Studio Solution File, Format Version 12.00
# Visual Studio 15
VisualStudioVersion = 15.0.27428.2027
MinimumVisualStudioVersion = 10.0.40219.1
Project("{FAE04EC0-301F-11D3-BF4B-00C04F79EFBC}") = "BeerPack", "BeerPack\BeerPack.csproj", "{5E030618-0EEA-48E0-97F3-2F4161102227}"
EndProject
Global
	GlobalSection(SolutionConfigurationPlatforms) = preSolution
		Debug|Any CPU = Debug|Any CPU
		Release|Any CPU = Release|Any CPU
	EndGlobalSection
	GlobalSection(ProjectConfigurationPlatforms) = postSolution
		{5E030618-0EEA-48E0-97F3-2F4161102227}.Debug|Any CPU.ActiveCfg = Debug|Any CPU
		{5E030618-0EEA-48E0-97F3-2F4161102227}.Debug|Any CPU.Build.0 = Debug|Any CPU
		{5E030618-0EEA-48E0-97F3-2F4161102227}.Release|Any CPU.ActiveCfg = Release|Any CPU
		{5E030618-0EEA-48E0-97F3-2F4161102227}.Release|Any CPU.Build.0 = Release|Any CPU
	EndGlobalSection
	GlobalSection(SolutionProperties) = preSolution
		HideSolutionNode = FALSE
	EndGlobalSection
	GlobalSection(ExtensibilityGlobals) = postSolution
		SolutionGuid = {A3030C71-D4E1-41EF-8FFF-C3831289C70A}
	EndGlobalSection
EndGlobal
